
Microsoft Visual Studio Solution File, Format Version 12.00
# Visual Studio Version 17
VisualStudioVersion = 17.2.32422.2
MinimumVisualStudioVersion = 10.0.40219.1
Project("{9092AA53-FB77-4645-B42D-1CCCA6BD08BD}") = "StryxPack", "StryxPack\StryxPack.njsproj", "{800588DC-8B8F-4B0B-A233-FD8C66EBCF58}"
EndProject
Project("{2150E333-8FDC-42A3-9474-1A3956D46DE8}") = "Solution Items", "Solution Items", "{C54C44E6-EE5F-4BB3-8189-14DCCCDD7904}"
	ProjectSection(SolutionItems) = preProject
		setup.ps1 = setup.ps1
		start.cmd = start.cmd
	EndProjectSection
EndProject
Project("{2150E333-8FDC-42A3-9474-1A3956D46DE8}") = "Git", "Git", "{B495C2B8-8619-4E01-8222-3BB89CCEA9C6}"
	ProjectSection(SolutionItems) = preProject
		.gitignore = .gitignore
		LICENSE = LICENSE
		README.md = README.md
	EndProjectSection
EndProject
Global
	GlobalSection(SolutionConfigurationPlatforms) = preSolution
		Debug|Any CPU = Debug|Any CPU
		Release|Any CPU = Release|Any CPU
	EndGlobalSection
	GlobalSection(ProjectConfigurationPlatforms) = postSolution
		{800588DC-8B8F-4B0B-A233-FD8C66EBCF58}.Debug|Any CPU.ActiveCfg = Debug|Any CPU
		{800588DC-8B8F-4B0B-A233-FD8C66EBCF58}.Debug|Any CPU.Build.0 = Debug|Any CPU
		{800588DC-8B8F-4B0B-A233-FD8C66EBCF58}.Release|Any CPU.ActiveCfg = Release|Any CPU
		{800588DC-8B8F-4B0B-A233-FD8C66EBCF58}.Release|Any CPU.Build.0 = Release|Any CPU
	EndGlobalSection
	GlobalSection(SolutionProperties) = preSolution
		HideSolutionNode = FALSE
	EndGlobalSection
	GlobalSection(NestedProjects) = preSolution
		{B495C2B8-8619-4E01-8222-3BB89CCEA9C6} = {C54C44E6-EE5F-4BB3-8189-14DCCCDD7904}
	EndGlobalSection
	GlobalSection(ExtensibilityGlobals) = postSolution
		SolutionGuid = {909180A1-DF42-47C6-9247-D3DA6F609ACF}
	EndGlobalSection
EndGlobal
